
Microsoft Visual Studio Solution File, Format Version 12.00
# Visual Studio Version 17
VisualStudioVersion = 17.4.33213.308
MinimumVisualStudioVersion = 10.0.40219.1
Project("{FAE04EC0-301F-11D3-BF4B-00C04F79EFBC}") = "BikePSS", "BikePSS\BikePSS.csproj", "{A9869438-ED33-424A-9709-41AFD0B3DD69}"
EndProject
Global
	GlobalSection(SolutionConfigurationPlatforms) = preSolution
		Debug|Any CPU = Debug|Any CPU
		Release|Any CPU = Release|Any CPU
	EndGlobalSection
	GlobalSection(ProjectConfigurationPlatforms) = postSolution
		{A9869438-ED33-424A-9709-41AFD0B3DD69}.Debug|Any CPU.ActiveCfg = Debug|Any CPU
		{A9869438-ED33-424A-9709-41AFD0B3DD69}.Debug|Any CPU.Build.0 = Debug|Any CPU
		{A9869438-ED33-424A-9709-41AFD0B3DD69}.Release|Any CPU.ActiveCfg = Release|Any CPU
		{A9869438-ED33-424A-9709-41AFD0B3DD69}.Release|Any CPU.Build.0 = Release|Any CPU
	EndGlobalSection
	GlobalSection(SolutionProperties) = preSolution
		HideSolutionNode = FALSE
	EndGlobalSection
	GlobalSection(ExtensibilityGlobals) = postSolution
		SolutionGuid = {11BCF431-E456-41B1-9234-BF424B73C703}
	EndGlobalSection
EndGlobal
